
Microsoft Visual Studio Solution File, Format Version 12.00
# Visual Studio 15
VisualStudioVersion = 15.0.28307.539
MinimumVisualStudioVersion = 10.0.40219.1
Project("{9A19103F-16F7-4668-BE54-9A1E7A4F7556}") = "Rodzilla.RealEstate", "Rodzilla.RealEstate\Rodzilla.RealEstate.csproj", "{05B8F06A-25B8-4AF9-A5F4-70FEAE2BC611}"
EndProject
Global
	GlobalSection(SolutionConfigurationPlatforms) = preSolution
		Debug|Any CPU = Debug|Any CPU
		Release|Any CPU = Release|Any CPU
	EndGlobalSection
	GlobalSection(ProjectConfigurationPlatforms) = postSolution
		{05B8F06A-25B8-4AF9-A5F4-70FEAE2BC611}.Debug|Any CPU.ActiveCfg = Debug|Any CPU
		{05B8F06A-25B8-4AF9-A5F4-70FEAE2BC611}.Debug|Any CPU.Build.0 = Debug|Any CPU
		{05B8F06A-25B8-4AF9-A5F4-70FEAE2BC611}.Release|Any CPU.ActiveCfg = Release|Any CPU
		{05B8F06A-25B8-4AF9-A5F4-70FEAE2BC611}.Release|Any CPU.Build.0 = Release|Any CPU
	EndGlobalSection
	GlobalSection(SolutionProperties) = preSolution
		HideSolutionNode = FALSE
	EndGlobalSection
	GlobalSection(ExtensibilityGlobals) = postSolution
		SolutionGuid = {19AC747B-F10F-454E-A00A-73E0A720A0A5}
	EndGlobalSection
EndGlobal
